
Microsoft Visual Studio Solution File, Format Version 12.00
# Visual Studio 15
VisualStudioVersion = 15.0.26730.8
MinimumVisualStudioVersion = 10.0.40219.1
Project("{2150E333-8FDC-42A3-9474-1A3956D46DE8}") = "_", "_", "{FA530374-E28B-419B-BCA2-82A0512774F2}"
	ProjectSection(SolutionItems) = preProject
		..\appveyor.yml = ..\appveyor.yml
		..\README.md = ..\README.md
		Information\SolutionInfo.cs = Information\SolutionInfo.cs
		Information\VersionInfo.cs = Information\VersionInfo.cs
	EndProjectSection
EndProject
Project("{2150E333-8FDC-42A3-9474-1A3956D46DE8}") = "dotnetCore", "dotnetCore", "{A5332A7E-4882-4651-8518-C474FD402F17}"
EndProject
Project("{9A19103F-16F7-4668-BE54-9A1E7A4F7556}") = "DBUp.Postgresql.Core", "DBUp.Postgresql.Core\DBUp.Postgresql.Core.csproj", "{DA27D7DD-9FCC-4047-AE4F-12E996E981F0}"
EndProject
Project("{9A19103F-16F7-4668-BE54-9A1E7A4F7556}") = "DbUp.Core", "DbUp.Core\DbUp.Core.csproj", "{9D36E3FA-7831-4DEB-A284-AF77FAEF3880}"
EndProject
Project("{9A19103F-16F7-4668-BE54-9A1E7A4F7556}") = "CoreTestApp", "CoreTestApp\CoreTestApp.csproj", "{8B3EFC2E-2209-4F79-9B0A-F8E70E3F93F4}"
EndProject
Global
	GlobalSection(SolutionConfigurationPlatforms) = preSolution
		Core|Any CPU = Core|Any CPU
		Core|Mixed Platforms = Core|Mixed Platforms
		Debug|Any CPU = Debug|Any CPU
		Debug|Mixed Platforms = Debug|Mixed Platforms
		Release|Any CPU = Release|Any CPU
		Release|Mixed Platforms = Release|Mixed Platforms
	EndGlobalSection
	GlobalSection(ProjectConfigurationPlatforms) = postSolution
		{DA27D7DD-9FCC-4047-AE4F-12E996E981F0}.Core|Any CPU.ActiveCfg = Core|Any CPU
		{DA27D7DD-9FCC-4047-AE4F-12E996E981F0}.Core|Any CPU.Build.0 = Core|Any CPU
		{DA27D7DD-9FCC-4047-AE4F-12E996E981F0}.Core|Mixed Platforms.ActiveCfg = Core|Any CPU
		{DA27D7DD-9FCC-4047-AE4F-12E996E981F0}.Core|Mixed Platforms.Build.0 = Core|Any CPU
		{DA27D7DD-9FCC-4047-AE4F-12E996E981F0}.Debug|Any CPU.ActiveCfg = Debug|Any CPU
		{DA27D7DD-9FCC-4047-AE4F-12E996E981F0}.Debug|Any CPU.Build.0 = Debug|Any CPU
		{DA27D7DD-9FCC-4047-AE4F-12E996E981F0}.Debug|Mixed Platforms.ActiveCfg = Debug|Any CPU
		{DA27D7DD-9FCC-4047-AE4F-12E996E981F0}.Debug|Mixed Platforms.Build.0 = Debug|Any CPU
		{DA27D7DD-9FCC-4047-AE4F-12E996E981F0}.Release|Any CPU.ActiveCfg = Release|Any CPU
		{DA27D7DD-9FCC-4047-AE4F-12E996E981F0}.Release|Any CPU.Build.0 = Release|Any CPU
		{DA27D7DD-9FCC-4047-AE4F-12E996E981F0}.Release|Mixed Platforms.ActiveCfg = Release|Any CPU
		{DA27D7DD-9FCC-4047-AE4F-12E996E981F0}.Release|Mixed Platforms.Build.0 = Release|Any CPU
		{9D36E3FA-7831-4DEB-A284-AF77FAEF3880}.Core|Any CPU.ActiveCfg = Core|Any CPU
		{9D36E3FA-7831-4DEB-A284-AF77FAEF3880}.Core|Any CPU.Build.0 = Core|Any CPU
		{9D36E3FA-7831-4DEB-A284-AF77FAEF3880}.Core|Mixed Platforms.ActiveCfg = Core|Any CPU
		{9D36E3FA-7831-4DEB-A284-AF77FAEF3880}.Core|Mixed Platforms.Build.0 = Core|Any CPU
		{9D36E3FA-7831-4DEB-A284-AF77FAEF3880}.Debug|Any CPU.ActiveCfg = Debug|Any CPU
		{9D36E3FA-7831-4DEB-A284-AF77FAEF3880}.Debug|Any CPU.Build.0 = Debug|Any CPU
		{9D36E3FA-7831-4DEB-A284-AF77FAEF3880}.Debug|Mixed Platforms.ActiveCfg = Debug|Any CPU
		{9D36E3FA-7831-4DEB-A284-AF77FAEF3880}.Debug|Mixed Platforms.Build.0 = Debug|Any CPU
		{9D36E3FA-7831-4DEB-A284-AF77FAEF3880}.Release|Any CPU.ActiveCfg = Release|Any CPU
		{9D36E3FA-7831-4DEB-A284-AF77FAEF3880}.Release|Any CPU.Build.0 = Release|Any CPU
		{9D36E3FA-7831-4DEB-A284-AF77FAEF3880}.Release|Mixed Platforms.ActiveCfg = Release|Any CPU
		{9D36E3FA-7831-4DEB-A284-AF77FAEF3880}.Release|Mixed Platforms.Build.0 = Release|Any CPU
		{8B3EFC2E-2209-4F79-9B0A-F8E70E3F93F4}.Core|Any CPU.ActiveCfg = Core|Any CPU
		{8B3EFC2E-2209-4F79-9B0A-F8E70E3F93F4}.Core|Any CPU.Build.0 = Core|Any CPU
		{8B3EFC2E-2209-4F79-9B0A-F8E70E3F93F4}.Core|Mixed Platforms.ActiveCfg = Core|Any CPU
		{8B3EFC2E-2209-4F79-9B0A-F8E70E3F93F4}.Core|Mixed Platforms.Build.0 = Core|Any CPU
		{8B3EFC2E-2209-4F79-9B0A-F8E70E3F93F4}.Debug|Any CPU.ActiveCfg = Debug|Any CPU
		{8B3EFC2E-2209-4F79-9B0A-F8E70E3F93F4}.Debug|Any CPU.Build.0 = Debug|Any CPU
		{8B3EFC2E-2209-4F79-9B0A-F8E70E3F93F4}.Debug|Mixed Platforms.ActiveCfg = Debug|Any CPU
		{8B3EFC2E-2209-4F79-9B0A-F8E70E3F93F4}.Debug|Mixed Platforms.Build.0 = Debug|Any CPU
		{8B3EFC2E-2209-4F79-9B0A-F8E70E3F93F4}.Release|Any CPU.ActiveCfg = Release|Any CPU
		{8B3EFC2E-2209-4F79-9B0A-F8E70E3F93F4}.Release|Any CPU.Build.0 = Release|Any CPU
		{8B3EFC2E-2209-4F79-9B0A-F8E70E3F93F4}.Release|Mixed Platforms.ActiveCfg = Release|Any CPU
		{8B3EFC2E-2209-4F79-9B0A-F8E70E3F93F4}.Release|Mixed Platforms.Build.0 = Release|Any CPU
	EndGlobalSection
	GlobalSection(SolutionProperties) = preSolution
		HideSolutionNode = FALSE
	EndGlobalSection
	GlobalSection(NestedProjects) = preSolution
		{DA27D7DD-9FCC-4047-AE4F-12E996E981F0} = {A5332A7E-4882-4651-8518-C474FD402F17}
		{9D36E3FA-7831-4DEB-A284-AF77FAEF3880} = {A5332A7E-4882-4651-8518-C474FD402F17}
		{8B3EFC2E-2209-4F79-9B0A-F8E70E3F93F4} = {A5332A7E-4882-4651-8518-C474FD402F17}
	EndGlobalSection
	GlobalSection(ExtensibilityGlobals) = postSolution
		SolutionGuid = {497CD1ED-2BAF-4BDB-A486-DCA280EEED30}
	EndGlobalSection
	GlobalSection(MonoDevelopProperties) = preSolution
		StartupItem = DbUp\DbUp.csproj
	EndGlobalSection
EndGlobal
